// !$*UTF8*$!
{
	archiveVersion = 1;
	classes = {
	};
	objectVersion = 46;
	objects = {

/* Begin PBXBuildFile section */
		841C4E041F26E2880060ABD2 /* AppDelegate.swift in Sources */ = {isa = PBXBuildFile; fileRef = 841C4E031F26E2880060ABD2 /* AppDelegate.swift */; };
		841C4E061F26E2880060ABD2 /* ViewController.swift in Sources */ = {isa = PBXBuildFile; fileRef = 841C4E051F26E2880060ABD2 /* ViewController.swift */; };
		841C4E091F26E2880060ABD2 /* Main.storyboard in Resources */ = {isa = PBXBuildFile; fileRef = 841C4E071F26E2880060ABD2 /* Main.storyboard */; };
		841C4E0B1F26E2880060ABD2 /* Assets.xcassets in Resources */ = {isa = PBXBuildFile; fileRef = 841C4E0A1F26E2880060ABD2 /* Assets.xcassets */; };
		841C4E0E1F26E2880060ABD2 /* LaunchScreen.storyboard in Resources */ = {isa = PBXBuildFile; fileRef = 841C4E0C1F26E2880060ABD2 /* LaunchScreen.storyboard */; };
/* End PBXBuildFile section */

/* Begin PBXFileReference section */
		841C4E001F26E2880060ABD2 /* GitPractice1.app */ = {isa = PBXFileReference; explicitFileType = wrapper.application; includeInIndex = 0; path = GitPractice1.app; sourceTree = BUILT_PRODUCTS_DIR; };
		841C4E031F26E2880060ABD2 /* AppDelegate.swift */ = {isa = PBXFileReference; lastKnownFileType = sourcecode.swift; path = AppDelegate.swift; sourceTree = "<group>"; };
		841C4E051F26E2880060ABD2 /* ViewController.swift */ = {isa = PBXFileReference; lastKnownFileType = sourcecode.swift; path = ViewController.swift; sourceTree = "<group>"; };
		841C4E081F26E2880060ABD2 /* Base */ = {isa = PBXFileReference; lastKnownFileType = file.storyboard; name = Base; path = Base.lproj/Main.storyboard; sourceTree = "<group>"; };
		841C4E0A1F26E2880060ABD2 /* Assets.xcassets */ = {isa = PBXFileReference; lastKnownFileType = folder.assetcatalog; path = Assets.xcassets; sourceTree = "<group>"; };
		841C4E0D1F26E2880060ABD2 /* Base */ = {isa = PBXFileReference; lastKnownFileType = file.storyboard; name = Base; path = Base.lproj/LaunchScreen.storyboard; sourceTree = "<group>"; };
		841C4E0F1F26E2880060ABD2 /* Info.plist */ = {isa = PBXFileReference; lastKnownFileType = text.plist.xml; path = Info.plist; sourceTree = "<group>"; };
/* End PBXFileReference section */

/* Begin PBXFrameworksBuildPhase section */
		841C4DFD1F26E2880060ABD2 /* Frameworks */ = {
			isa = PBXFrameworksBuildPhase;
			buildActionMask = 2147483647;
			files = (
			);
			runOnlyForDeploymentPostprocessing = 0;
		};
/* End PBXFrameworksBuildPhase section */

/* Begin PBXGroup section */
		841C4DF71F26E2880060ABD2 = {
			isa = PBXGroup;
			children = (
				841C4E021F26E2880060ABD2 /* GitPractice1 */,
				841C4E011F26E2880060ABD2 /* Products */,
			);
			sourceTree = "<group>";
		};
		841C4E011F26E2880060ABD2 /* Products */ = {
			isa = PBXGroup;
			children = (
				841C4E001F26E2880060ABD2 /* GitPractice1.app */,
			);
			name = Products;
			sourceTree = "<group>";
		};
		841C4E021F26E2880060ABD2 /* GitPractice1 */ = {
			isa = PBXGroup;
			children = (
				841C4E031F26E2880060ABD2 /* AppDelegate.swift */,
				841C4E051F26E2880060ABD2 /* ViewController.swift */,
				841C4E071F26E2880060ABD2 /* Main.storyboard */,
				841C4E0A1F26E2880060ABD2 /* Assets.xcassets */,
				841C4E0C1F26E2880060ABD2 /* LaunchScreen.storyboard */,
				841C4E0F1F26E2880060ABD2 /* Info.plist */,
			);
			path = GitPractice1;
			sourceTree = "<group>";
		};
/* End PBXGroup section */

/* Begin PBXNativeTarget section */
		841C4DFF1F26E2880060ABD2 /* GitPractice1 */ = {
			isa = PBXNativeTarget;
			buildConfigurationList = 841C4E121F26E2880060ABD2 /* Build configuration list for PBXNativeTarget "GitPractice1" */;
			buildPhases = (
				841C4DFC1F26E2880060ABD2 /* Sources */,
				841C4DFD1F26E2880060ABD2 /* Frameworks */,
				841C4DFE1F26E2880060ABD2 /* Resources */,
			);
			buildRules = (
			);
			dependencies = (
			);
			name = GitPractice1;
			productName = GitPractice1;
			productReference = 841C4E001F26E2880060ABD2 /* GitPractice1.app */;
			productType = "com.apple.product-type.application";
		};
/* End PBXNativeTarget section */

/* Begin PBXProject section */
		841C4DF81F26E2880060ABD2 /* Project object */ = {
			isa = PBXProject;
			attributes = {
				LastSwiftUpdateCheck = 0830;
				LastUpgradeCheck = 0830;
				ORGANIZATIONNAME = Administrator;
				TargetAttributes = {
					841C4DFF1F26E2880060ABD2 = {
						CreatedOnToolsVersion = 8.3.3;
						DevelopmentTeam = FDJ6667829;
						ProvisioningStyle = Automatic;
					};
				};
			};
			buildConfigurationList = 841C4DFB1F26E2880060ABD2 /* Build configuration list for PBXProject "GitPractice1" */;
			compatibilityVersion = "Xcode 3.2";
			developmentRegion = English;
			hasScannedForEncodings = 0;
			knownRegions = (
				en,
				Base,
			);
			mainGroup = 841C4DF71F26E2880060ABD2;
			productRefGroup = 841C4E011F26E2880060ABD2 /* Products */;
			projectDirPath = "";
			projectRoot = "";
			targets = (
				841C4DFF1F26E2880060ABD2 /* GitPractice1 */,
			);
		};
/* End PBXProject section */

/* Begin PBXResourcesBuildPhase section */
		841C4DFE1F26E2880060ABD2 /* Resources */ = {
			isa = PBXResourcesBuildPhase;
			buildActionMask = 2147483647;
			files = (
				841C4E0E1F26E2880060ABD2 /* LaunchScreen.storyboard in Resources */,
				841C4E0B1F26E2880060ABD2 /* Assets.xcassets in Resources */,
				841C4E091F26E2880060ABD2 /* Main.storyboard in Resources */,
			);
			runOnlyForDeploymentPostprocessing = 0;
		};
/* End PBXResourcesBuildPhase section */

/* Begin PBXSourcesBuildPhase section */
		841C4DFC1F26E2880060ABD2 /* Sources */ = {
			isa = PBXSourcesBuildPhase;
			buildActionMask = 2147483647;
			files = (
				841C4E061F26E2880060ABD2 /* ViewController.swift in Sources */,
				841C4E041F26E2880060ABD2 /* AppDelegate.swift in Sources */,
			);
			runOnlyForDeploymentPostprocessing = 0;
		};
/* End PBXSourcesBuildPhase section */

/* Begin PBXVariantGroup section */
		841C4E071F26E2880060ABD2 /* Main.storyboard */ = {
			isa = PBXVariantGroup;
			children = (
				841C4E081F26E2880060ABD2 /* Base */,
			);
			name = Main.storyboard;
			sourceTree = "<group>";
		};
		841C4E0C1F26E2880060ABD2 /* LaunchScreen.storyboard */ = {
			isa = PBXVariantGroup;
			children = (
				841C4E0D1F26E2880060ABD2 /* Base */,
			);
			name = LaunchScreen.storyboard;
			sourceTree = "<group>";
		};
/* End PBXVariantGroup section */

/* Begin XCBuildConfiguration section */
		841C4E101F26E2880060ABD2 /* Debug */ = {
			isa = XCBuildConfiguration;
			buildSettings = {
				ALWAYS_SEARCH_USER_PATHS = NO;
				CLANG_ANALYZER_NONNULL = YES;
				CLANG_ANALYZER_NUMBER_OBJECT_CONVERSION = YES_AGGRESSIVE;
				CLANG_CXX_LANGUAGE_STANDARD = "gnu++0x";
				CLANG_CXX_LIBRARY = "libc++";
				CLANG_ENABLE_MODULES = YES;
				CLANG_ENABLE_OBJC_ARC = YES;
				CLANG_WARN_BOOL_CONVERSION = YES;
				CLANG_WARN_CONSTANT_CONVERSION = YES;
				CLANG_WARN_DIRECT_OBJC_ISA_USAGE = YES_ERROR;
				CLANG_WARN_DOCUMENTATION_COMMENTS = YES;
				CLANG_WARN_EMPTY_BODY = YES;
				CLANG_WARN_ENUM_CONVERSION = YES;
				CLANG_WARN_INFINITE_RECURSION = YES;
				CLANG_WARN_INT_CONVERSION = YES;
				CLANG_WARN_OBJC_ROOT_CLASS = YES_ERROR;
				CLANG_WARN_SUSPICIOUS_MOVE = YES;
				CLANG_WARN_UNREACHABLE_CODE = YES;
				CLANG_WARN__DUPLICATE_METHOD_MATCH = YES;
				"CODE_SIGN_IDENTITY[sdk=iphoneos*]" = "iPhone Developer";
				COPY_PHASE_STRIP = NO;
				DEBUG_INFORMATION_FORMAT = dwarf;
				ENABLE_STRICT_OBJC_MSGSEND = YES;
				ENABLE_TESTABILITY = YES;
				GCC_C_LANGUAGE_STANDARD = gnu99;
				GCC_DYNAMIC_NO_PIC = NO;
				GCC_NO_COMMON_BLOCKS = YES;
				GCC_OPTIMIZATION_LEVEL = 0;
				GCC_PREPROCESSOR_DEFINITIONS = (
					"DEBUG=1",
					"$(inherited)",
				);
				GCC_WARN_64_TO_32_BIT_CONVERSION = YES;
				GCC_WARN_ABOUT_RETURN_TYPE = YES_ERROR;
				GCC_WARN_UNDECLARED_SELECTOR = YES;
				GCC_WARN_UNINITIALIZED_AUTOS = YES_AGGRESSIVE;
				GCC_WARN_UNUSED_FUNCTION = YES;
				GCC_WARN_UNUSED_VARIABLE = YES;
				IPHONEOS_DEPLOYMENT_TARGET = 10.3;
				MTL_ENABLE_DEBUG_INFO = YES;
				ONLY_ACTIVE_ARCH = YES;
				SDKROOT = iphoneos;
				SWIFT_ACTIVE_COMPILATION_CONDITIONS = DEBUG;
				SWIFT_OPTIMIZATION_LEVEL = "-Onone";
				TARGETED_DEVICE_FAMILY = "1,2";
			};
			name = Debug;
		};
		841C4E111F26E2880060ABD2 /* Release */ = {
			isa = XCBuildConfiguration;
			buildSettings = {
				ALWAYS_SEARCH_USER_PATHS = NO;
				CLANG_ANALYZER_NONNULL = YES;
				CLANG_ANALYZER_NUMBER_OBJECT_CONVERSION = YES_AGGRESSIVE;
				CLANG_CXX_LANGUAGE_STANDARD = "gnu++0x";
				CLANG_CXX_LIBRARY = "libc++";
				CLANG_ENABLE_MODULES = YES;
				CLANG_ENABLE_OBJC_ARC = YES;
				CLANG_WARN_BOOL_CONVERSION = YES;
				CLANG_WARN_CONSTANT_CONVERSION = YES;
				CLANG_WARN_DIRECT_OBJC_ISA_USAGE = YES_ERROR;
				CLANG_WARN_DOCUMENTATION_COMMENTS = YES;
				CLANG_WARN_EMPTY_BODY = YES;
				CLANG_WARN_ENUM_CONVERSION = YES;
				CLANG_WARN_INFINITE_RECURSION = YES;
				CLANG_WARN_INT_CONVERSION = YES;
				CLANG_WARN_OBJC_ROOT_CLASS = YES_ERROR;
				CLANG_WARN_SUSPICIOUS_MOVE = YES;
				CLANG_WARN_UNREACHABLE_CODE = YES;
				CLANG_WARN__DUPLICATE_METHOD_MATCH = YES;
				"CODE_SIGN_IDENTITY[sdk=iphoneos*]" = "iPhone Developer";
				COPY_PHASE_STRIP = NO;
				DEBUG_INFORMATION_FORMAT = "dwarf-with-dsym";
				ENABLE_NS_ASSERTIONS = NO;
				ENABLE_STRICT_OBJC_MSGSEND = YES;
				GCC_C_LANGUAGE_STANDARD = gnu99;
				GCC_NO_COMMON_BLOCKS = YES;
				GCC_WARN_64_TO_32_BIT_CONVERSION = YES;
				GCC_WARN_ABOUT_RETURN_TYPE = YES_ERROR;
				GCC_WARN_UNDECLARED_SELECTOR = YES;
				GCC_WARN_UNINITIALIZED_AUTOS = YES_AGGRESSIVE;
				GCC_WARN_UNUSED_FUNCTION = YES;
				GCC_WARN_UNUSED_VARIABLE = YES;
				IPHONEOS_DEPLOYMENT_TARGET = 10.3;
				MTL_ENABLE_DEBUG_INFO = NO;
				SDKROOT = iphoneos;
				SWIFT_OPTIMIZATION_LEVEL = "-Owholemodule";
				TARGETED_DEVICE_FAMILY = "1,2";
				VALIDATE_PRODUCT = YES;
			};
			name = Release;
		};
		841C4E131F26E2880060ABD2 /* Debug */ = {
			isa = XCBuildConfiguration;
			buildSettings = {
				ASSETCATALOG_COMPILER_APPICON_NAME = AppIcon;
				DEVELOPMENT_TEAM = FDJ6667829;
				INFOPLIST_FILE = GitPractice1/Info.plist;
				LD_RUNPATH_SEARCH_PATHS = "$(inherited) @executable_path/Frameworks";
				PRODUCT_BUNDLE_IDENTIFIER = com.bajuru.GitPractice1;
				PRODUCT_NAME = "$(TARGET_NAME)";
				SWIFT_VERSION = 3.0;
			};
			name = Debug;
		};
		841C4E141F26E2880060ABD2 /* Release */ = {
			isa = XCBuildConfiguration;
			buildSettings = {
				ASSETCATALOG_COMPILER_APPICON_NAME = AppIcon;
				DEVELOPMENT_TEAM = FDJ6667829;
				INFOPLIST_FILE = GitPractice1/Info.plist;
				LD_RUNPATH_SEARCH_PATHS = "$(inherited) @executable_path/Frameworks";
				PRODUCT_BUNDLE_IDENTIFIER = com.bajuru.GitPractice1;
				PRODUCT_NAME = "$(TARGET_NAME)";
				SWIFT_VERSION = 3.0;
			};
			name = Release;
		};
/* End XCBuildConfiguration section */

/* Begin XCConfigurationList section */
		841C4DFB1F26E2880060ABD2 /* Build configuration list for PBXProject "GitPractice1" */ = {
			isa = XCConfigurationList;
			buildConfigurations = (
				841C4E101F26E2880060ABD2 /* Debug */,
				841C4E111F26E2880060ABD2 /* Release */,
			);
			defaultConfigurationIsVisible = 0;
			defaultConfigurationName = Release;
		};
		841C4E121F26E2880060ABD2 /* Build configuration list for PBXNativeTarget "GitPractice1" */ = {
			isa = XCConfigurationList;
			buildConfigurations = (
				841C4E131F26E2880060ABD2 /* Debug */,
				841C4E141F26E2880060ABD2 /* Release */,
			);
			defaultConfigurationIsVisible = 0;
		};
/* End XCConfigurationList section */
	};
	rootObject = 841C4DF81F26E2880060ABD2 /* Project object */;
}
